
Microsoft Visual Studio Solution File, Format Version 12.00
# Visual Studio Version 16
VisualStudioVersion = 16.0.32929.386
MinimumVisualStudioVersion = 10.0.40219.1
Project("{FAE04EC0-301F-11D3-BF4B-00C04F79EFBC}") = "EmpDemoApp", "EmpDemoApp.csproj", "{87B5965D-DF41-418A-9C06-77F2555A7C74}"
EndProject
Global
	GlobalSection(SolutionConfigurationPlatforms) = preSolution
		Debug|Any CPU = Debug|Any CPU
		Release|Any CPU = Release|Any CPU
	EndGlobalSection
	GlobalSection(ProjectConfigurationPlatforms) = postSolution
		{87B5965D-DF41-418A-9C06-77F2555A7C74}.Debug|Any CPU.ActiveCfg = Debug|Any CPU
		{87B5965D-DF41-418A-9C06-77F2555A7C74}.Debug|Any CPU.Build.0 = Debug|Any CPU
		{87B5965D-DF41-418A-9C06-77F2555A7C74}.Release|Any CPU.ActiveCfg = Release|Any CPU
		{87B5965D-DF41-418A-9C06-77F2555A7C74}.Release|Any CPU.Build.0 = Release|Any CPU
	EndGlobalSection
	GlobalSection(SolutionProperties) = preSolution
		HideSolutionNode = FALSE
	EndGlobalSection
	GlobalSection(ExtensibilityGlobals) = postSolution
		SolutionGuid = {26FBD888-83C9-437C-9DE6-27CBDE6E2B6B}
	EndGlobalSection
EndGlobal
